// !$*UTF8*$!
{
	archiveVersion = 1;
	classes = {
	};
	objectVersion = 46;
	objects = {

/* Begin PBXBuildFile section */
		9EFB1C3F1A9E1E9300599B97 /* main.m in Sources */ = {isa = PBXBuildFile; fileRef = 9EFB1C3E1A9E1E9300599B97 /* main.m */; };
		9EFB1C421A9E1E9300599B97 /* AppDelegate.m in Sources */ = {isa = PBXBuildFile; fileRef = 9EFB1C411A9E1E9300599B97 /* AppDelegate.m */; };
		9EFB1C481A9E1E9300599B97 /* Main.storyboard in Resources */ = {isa = PBXBuildFile; fileRef = 9EFB1C461A9E1E9300599B97 /* Main.storyboard */; };
		9EFB1C4A1A9E1E9300599B97 /* Images.xcassets in Resources */ = {isa = PBXBuildFile; fileRef = 9EFB1C491A9E1E9300599B97 /* Images.xcassets */; };
		9EFB1C4D1A9E1E9300599B97 /* LaunchScreen.xib in Resources */ = {isa = PBXBuildFile; fileRef = 9EFB1C4B1A9E1E9300599B97 /* LaunchScreen.xib */; };
		9EFB1C591A9E1E9400599B97 /* DesafioTableViewTests.m in Sources */ = {isa = PBXBuildFile; fileRef = 9EFB1C581A9E1E9400599B97 /* DesafioTableViewTests.m */; };
		9EFB1C641A9E1ED000599B97 /* AplicativoTableViewController.m in Sources */ = {isa = PBXBuildFile; fileRef = 9EFB1C631A9E1ED000599B97 /* AplicativoTableViewController.m */; };
		9EFB1C671A9E1F0F00599B97 /* DetalheAppTableViewCell.m in Sources */ = {isa = PBXBuildFile; fileRef = 9EFB1C661A9E1F0F00599B97 /* DetalheAppTableViewCell.m */; };
/* End PBXBuildFile section */

/* Begin PBXContainerItemProxy section */
		9EFB1C531A9E1E9300599B97 /* PBXContainerItemProxy */ = {
			isa = PBXContainerItemProxy;
			containerPortal = 9EFB1C311A9E1E9300599B97 /* Project object */;
			proxyType = 1;
			remoteGlobalIDString = 9EFB1C381A9E1E9300599B97;
			remoteInfo = DesafioTableView;
		};
/* End PBXContainerItemProxy section */

/* Begin PBXFileReference section */
		9EFB1C391A9E1E9300599B97 /* DesafioTableView.app */ = {isa = PBXFileReference; explicitFileType = wrapper.application; includeInIndex = 0; path = DesafioTableView.app; sourceTree = BUILT_PRODUCTS_DIR; };
		9EFB1C3D1A9E1E9300599B97 /* Info.plist */ = {isa = PBXFileReference; lastKnownFileType = text.plist.xml; path = Info.plist; sourceTree = "<group>"; };
		9EFB1C3E1A9E1E9300599B97 /* main.m */ = {isa = PBXFileReference; lastKnownFileType = sourcecode.c.objc; path = main.m; sourceTree = "<group>"; };
		9EFB1C401A9E1E9300599B97 /* AppDelegate.h */ = {isa = PBXFileReference; lastKnownFileType = sourcecode.c.h; path = AppDelegate.h; sourceTree = "<group>"; };
		9EFB1C411A9E1E9300599B97 /* AppDelegate.m */ = {isa = PBXFileReference; lastKnownFileType = sourcecode.c.objc; path = AppDelegate.m; sourceTree = "<group>"; };
		9EFB1C471A9E1E9300599B97 /* Base */ = {isa = PBXFileReference; lastKnownFileType = file.storyboard; name = Base; path = Base.lproj/Main.storyboard; sourceTree = "<group>"; };
		9EFB1C491A9E1E9300599B97 /* Images.xcassets */ = {isa = PBXFileReference; lastKnownFileType = folder.assetcatalog; path = Images.xcassets; sourceTree = "<group>"; };
		9EFB1C4C1A9E1E9300599B97 /* Base */ = {isa = PBXFileReference; lastKnownFileType = file.xib; name = Base; path = Base.lproj/LaunchScreen.xib; sourceTree = "<group>"; };
		9EFB1C521A9E1E9300599B97 /* DesafioTableViewTests.xctest */ = {isa = PBXFileReference; explicitFileType = wrapper.cfbundle; includeInIndex = 0; path = DesafioTableViewTests.xctest; sourceTree = BUILT_PRODUCTS_DIR; };
		9EFB1C571A9E1E9400599B97 /* Info.plist */ = {isa = PBXFileReference; lastKnownFileType = text.plist.xml; path = Info.plist; sourceTree = "<group>"; };
		9EFB1C581A9E1E9400599B97 /* DesafioTableViewTests.m */ = {isa = PBXFileReference; lastKnownFileType = sourcecode.c.objc; path = DesafioTableViewTests.m; sourceTree = "<group>"; };
		9EFB1C621A9E1ED000599B97 /* AplicativoTableViewController.h */ = {isa = PBXFileReference; fileEncoding = 4; lastKnownFileType = sourcecode.c.h; name = AplicativoTableViewController.h; path = ../AplicativoTableViewController.h; sourceTree = "<group>"; };
		9EFB1C631A9E1ED000599B97 /* AplicativoTableViewController.m */ = {isa = PBXFileReference; fileEncoding = 4; lastKnownFileType = sourcecode.c.objc; name = AplicativoTableViewController.m; path = ../AplicativoTableViewController.m; sourceTree = "<group>"; };
		9EFB1C651A9E1F0F00599B97 /* DetalheAppTableViewCell.h */ = {isa = PBXFileReference; fileEncoding = 4; lastKnownFileType = sourcecode.c.h; name = DetalheAppTableViewCell.h; path = ../DetalheAppTableViewCell.h; sourceTree = "<group>"; };
		9EFB1C661A9E1F0F00599B97 /* DetalheAppTableViewCell.m */ = {isa = PBXFileReference; fileEncoding = 4; lastKnownFileType = sourcecode.c.objc; name = DetalheAppTableViewCell.m; path = ../DetalheAppTableViewCell.m; sourceTree = "<group>"; };
/* End PBXFileReference section */

/* Begin PBXFrameworksBuildPhase section */
		9EFB1C361A9E1E9300599B97 /* Frameworks */ = {
			isa = PBXFrameworksBuildPhase;
			buildActionMask = 2147483647;
			files = (
			);
			runOnlyForDeploymentPostprocessing = 0;
		};
		9EFB1C4F1A9E1E9300599B97 /* Frameworks */ = {
			isa = PBXFrameworksBuildPhase;
			buildActionMask = 2147483647;
			files = (
			);
			runOnlyForDeploymentPostprocessing = 0;
		};
/* End PBXFrameworksBuildPhase section */

/* Begin PBXGroup section */
		9EFB1C301A9E1E9300599B97 = {
			isa = PBXGroup;
			children = (
				9EFB1C3B1A9E1E9300599B97 /* DesafioTableView */,
				9EFB1C551A9E1E9400599B97 /* DesafioTableViewTests */,
				9EFB1C3A1A9E1E9300599B97 /* Products */,
			);
			sourceTree = "<group>";
		};
		9EFB1C3A1A9E1E9300599B97 /* Products */ = {
			isa = PBXGroup;
			children = (
				9EFB1C391A9E1E9300599B97 /* DesafioTableView.app */,
				9EFB1C521A9E1E9300599B97 /* DesafioTableViewTests.xctest */,
			);
			name = Products;
			sourceTree = "<group>";
		};
		9EFB1C3B1A9E1E9300599B97 /* DesafioTableView */ = {
			isa = PBXGroup;
			children = (
				9EFB1C401A9E1E9300599B97 /* AppDelegate.h */,
				9EFB1C411A9E1E9300599B97 /* AppDelegate.m */,
				9EFB1C621A9E1ED000599B97 /* AplicativoTableViewController.h */,
				9EFB1C631A9E1ED000599B97 /* AplicativoTableViewController.m */,
				9EFB1C651A9E1F0F00599B97 /* DetalheAppTableViewCell.h */,
				9EFB1C661A9E1F0F00599B97 /* DetalheAppTableViewCell.m */,
				9EFB1C461A9E1E9300599B97 /* Main.storyboard */,
				9EFB1C491A9E1E9300599B97 /* Images.xcassets */,
				9EFB1C4B1A9E1E9300599B97 /* LaunchScreen.xib */,
				9EFB1C3C1A9E1E9300599B97 /* Supporting Files */,
			);
			path = DesafioTableView;
			sourceTree = "<group>";
		};
		9EFB1C3C1A9E1E9300599B97 /* Supporting Files */ = {
			isa = PBXGroup;
			children = (
				9EFB1C3D1A9E1E9300599B97 /* Info.plist */,
				9EFB1C3E1A9E1E9300599B97 /* main.m */,
			);
			name = "Supporting Files";
			sourceTree = "<group>";
		};
		9EFB1C551A9E1E9400599B97 /* DesafioTableViewTests */ = {
			isa = PBXGroup;
			children = (
				9EFB1C581A9E1E9400599B97 /* DesafioTableViewTests.m */,
				9EFB1C561A9E1E9400599B97 /* Supporting Files */,
			);
			path = DesafioTableViewTests;
			sourceTree = "<group>";
		};
		9EFB1C561A9E1E9400599B97 /* Supporting Files */ = {
			isa = PBXGroup;
			children = (
				9EFB1C571A9E1E9400599B97 /* Info.plist */,
			);
			name = "Supporting Files";
			sourceTree = "<group>";
		};
/* End PBXGroup section */

/* Begin PBXNativeTarget section */
		9EFB1C381A9E1E9300599B97 /* DesafioTableView */ = {
			isa = PBXNativeTarget;
			buildConfigurationList = 9EFB1C5C1A9E1E9400599B97 /* Build configuration list for PBXNativeTarget "DesafioTableView" */;
			buildPhases = (
				9EFB1C351A9E1E9300599B97 /* Sources */,
				9EFB1C361A9E1E9300599B97 /* Frameworks */,
				9EFB1C371A9E1E9300599B97 /* Resources */,
			);
			buildRules = (
			);
			dependencies = (
			);
			name = DesafioTableView;
			productName = DesafioTableView;
			productReference = 9EFB1C391A9E1E9300599B97 /* DesafioTableView.app */;
			productType = "com.apple.product-type.application";
		};
		9EFB1C511A9E1E9300599B97 /* DesafioTableViewTests */ = {
			isa = PBXNativeTarget;
			buildConfigurationList = 9EFB1C5F1A9E1E9400599B97 /* Build configuration list for PBXNativeTarget "DesafioTableViewTests" */;
			buildPhases = (
				9EFB1C4E1A9E1E9300599B97 /* Sources */,
				9EFB1C4F1A9E1E9300599B97 /* Frameworks */,
				9EFB1C501A9E1E9300599B97 /* Resources */,
			);
			buildRules = (
			);
			dependencies = (
				9EFB1C541A9E1E9300599B97 /* PBXTargetDependency */,
			);
			name = DesafioTableViewTests;
			productName = DesafioTableViewTests;
			productReference = 9EFB1C521A9E1E9300599B97 /* DesafioTableViewTests.xctest */;
			productType = "com.apple.product-type.bundle.unit-test";
		};
/* End PBXNativeTarget section */

/* Begin PBXProject section */
		9EFB1C311A9E1E9300599B97 /* Project object */ = {
			isa = PBXProject;
			attributes = {
				LastUpgradeCheck = 0610;
				ORGANIZATIONNAME = "Orleans Klaus";
				TargetAttributes = {
					9EFB1C381A9E1E9300599B97 = {
						CreatedOnToolsVersion = 6.1.1;
					};
					9EFB1C511A9E1E9300599B97 = {
						CreatedOnToolsVersion = 6.1.1;
						TestTargetID = 9EFB1C381A9E1E9300599B97;
					};
				};
			};
			buildConfigurationList = 9EFB1C341A9E1E9300599B97 /* Build configuration list for PBXProject "DesafioTableView" */;
			compatibilityVersion = "Xcode 3.2";
			developmentRegion = English;
			hasScannedForEncodings = 0;
			knownRegions = (
				en,
				Base,
			);
			mainGroup = 9EFB1C301A9E1E9300599B97;
			productRefGroup = 9EFB1C3A1A9E1E9300599B97 /* Products */;
			projectDirPath = "";
			projectRoot = "";
			targets = (
				9EFB1C381A9E1E9300599B97 /* DesafioTableView */,
				9EFB1C511A9E1E9300599B97 /* DesafioTableViewTests */,
			);
		};
/* End PBXProject section */

/* Begin PBXResourcesBuildPhase section */
		9EFB1C371A9E1E9300599B97 /* Resources */ = {
			isa = PBXResourcesBuildPhase;
			buildActionMask = 2147483647;
			files = (
				9EFB1C481A9E1E9300599B97 /* Main.storyboard in Resources */,
				9EFB1C4D1A9E1E9300599B97 /* LaunchScreen.xib in Resources */,
				9EFB1C4A1A9E1E9300599B97 /* Images.xcassets in Resources */,
			);
			runOnlyForDeploymentPostprocessing = 0;
		};
		9EFB1C501A9E1E9300599B97 /* Resources */ = {
			isa = PBXResourcesBuildPhase;
			buildActionMask = 2147483647;
			files = (
			);
			runOnlyForDeploymentPostprocessing = 0;
		};
/* End PBXResourcesBuildPhase section */

/* Begin PBXSourcesBuildPhase section */
		9EFB1C351A9E1E9300599B97 /* Sources */ = {
			isa = PBXSourcesBuildPhase;
			buildActionMask = 2147483647;
			files = (
				9EFB1C421A9E1E9300599B97 /* AppDelegate.m in Sources */,
				9EFB1C3F1A9E1E9300599B97 /* main.m in Sources */,
				9EFB1C641A9E1ED000599B97 /* AplicativoTableViewController.m in Sources */,
				9EFB1C671A9E1F0F00599B97 /* DetalheAppTableViewCell.m in Sources */,
			);
			runOnlyForDeploymentPostprocessing = 0;
		};
		9EFB1C4E1A9E1E9300599B97 /* Sources */ = {
			isa = PBXSourcesBuildPhase;
			buildActionMask = 2147483647;
			files = (
				9EFB1C591A9E1E9400599B97 /* DesafioTableViewTests.m in Sources */,
			);
			runOnlyForDeploymentPostprocessing = 0;
		};
/* End PBXSourcesBuildPhase section */

/* Begin PBXTargetDependency section */
		9EFB1C541A9E1E9300599B97 /* PBXTargetDependency */ = {
			isa = PBXTargetDependency;
			target = 9EFB1C381A9E1E9300599B97 /* DesafioTableView */;
			targetProxy = 9EFB1C531A9E1E9300599B97 /* PBXContainerItemProxy */;
		};
/* End PBXTargetDependency section */

/* Begin PBXVariantGroup section */
		9EFB1C461A9E1E9300599B97 /* Main.storyboard */ = {
			isa = PBXVariantGroup;
			children = (
				9EFB1C471A9E1E9300599B97 /* Base */,
			);
			name = Main.storyboard;
			sourceTree = "<group>";
		};
		9EFB1C4B1A9E1E9300599B97 /* LaunchScreen.xib */ = {
			isa = PBXVariantGroup;
			children = (
				9EFB1C4C1A9E1E9300599B97 /* Base */,
			);
			name = LaunchScreen.xib;
			sourceTree = "<group>";
		};
/* End PBXVariantGroup section */

/* Begin XCBuildConfiguration section */
		9EFB1C5A1A9E1E9400599B97 /* Debug */ = {
			isa = XCBuildConfiguration;
			buildSettings = {
				ALWAYS_SEARCH_USER_PATHS = NO;
				CLANG_CXX_LANGUAGE_STANDARD = "gnu++0x";
				CLANG_CXX_LIBRARY = "libc++";
				CLANG_ENABLE_MODULES = YES;
				CLANG_ENABLE_OBJC_ARC = YES;
				CLANG_WARN_BOOL_CONVERSION = YES;
				CLANG_WARN_CONSTANT_CONVERSION = YES;
				CLANG_WARN_DIRECT_OBJC_ISA_USAGE = YES_ERROR;
				CLANG_WARN_EMPTY_BODY = YES;
				CLANG_WARN_ENUM_CONVERSION = YES;
				CLANG_WARN_INT_CONVERSION = YES;
				CLANG_WARN_OBJC_ROOT_CLASS = YES_ERROR;
				CLANG_WARN_UNREACHABLE_CODE = YES;
				CLANG_WARN__DUPLICATE_METHOD_MATCH = YES;
				"CODE_SIGN_IDENTITY[sdk=iphoneos*]" = "iPhone Developer";
				COPY_PHASE_STRIP = NO;
				ENABLE_STRICT_OBJC_MSGSEND = YES;
				GCC_C_LANGUAGE_STANDARD = gnu99;
				GCC_DYNAMIC_NO_PIC = NO;
				GCC_OPTIMIZATION_LEVEL = 0;
				GCC_PREPROCESSOR_DEFINITIONS = (
					"DEBUG=1",
					"$(inherited)",
				);
				GCC_SYMBOLS_PRIVATE_EXTERN = NO;
				GCC_WARN_64_TO_32_BIT_CONVERSION = YES;
				GCC_WARN_ABOUT_RETURN_TYPE = YES_ERROR;
				GCC_WARN_UNDECLARED_SELECTOR = YES;
				GCC_WARN_UNINITIALIZED_AUTOS = YES_AGGRESSIVE;
				GCC_WARN_UNUSED_FUNCTION = YES;
				GCC_WARN_UNUSED_VARIABLE = YES;
				IPHONEOS_DEPLOYMENT_TARGET = 8.1;
				MTL_ENABLE_DEBUG_INFO = YES;
				ONLY_ACTIVE_ARCH = YES;
				SDKROOT = iphoneos;
				TARGETED_DEVICE_FAMILY = "1,2";
			};
			name = Debug;
		};
		9EFB1C5B1A9E1E9400599B97 /* Release */ = {
			isa = XCBuildConfiguration;
			buildSettings = {
				ALWAYS_SEARCH_USER_PATHS = NO;
				CLANG_CXX_LANGUAGE_STANDARD = "gnu++0x";
				CLANG_CXX_LIBRARY = "libc++";
				CLANG_ENABLE_MODULES = YES;
				CLANG_ENABLE_OBJC_ARC = YES;
				CLANG_WARN_BOOL_CONVERSION = YES;
				CLANG_WARN_CONSTANT_CONVERSION = YES;
				CLANG_WARN_DIRECT_OBJC_ISA_USAGE = YES_ERROR;
				CLANG_WARN_EMPTY_BODY = YES;
				CLANG_WARN_ENUM_CONVERSION = YES;
				CLANG_WARN_INT_CONVERSION = YES;
				CLANG_WARN_OBJC_ROOT_CLASS = YES_ERROR;
				CLANG_WARN_UNREACHABLE_CODE = YES;
				CLANG_WARN__DUPLICATE_METHOD_MATCH = YES;
				"CODE_SIGN_IDENTITY[sdk=iphoneos*]" = "iPhone Developer";
				COPY_PHASE_STRIP = YES;
				ENABLE_NS_ASSERTIONS = NO;
				ENABLE_STRICT_OBJC_MSGSEND = YES;
				GCC_C_LANGUAGE_STANDARD = gnu99;
				GCC_WARN_64_TO_32_BIT_CONVERSION = YES;
				GCC_WARN_ABOUT_RETURN_TYPE = YES_ERROR;
				GCC_WARN_UNDECLARED_SELECTOR = YES;
				GCC_WARN_UNINITIALIZED_AUTOS = YES_AGGRESSIVE;
				GCC_WARN_UNUSED_FUNCTION = YES;
				GCC_WARN_UNUSED_VARIABLE = YES;
				IPHONEOS_DEPLOYMENT_TARGET = 8.1;
				MTL_ENABLE_DEBUG_INFO = NO;
				SDKROOT = iphoneos;
				TARGETED_DEVICE_FAMILY = "1,2";
				VALIDATE_PRODUCT = YES;
			};
			name = Release;
		};
		9EFB1C5D1A9E1E9400599B97 /* Debug */ = {
			isa = XCBuildConfiguration;
			buildSettings = {
				ASSETCATALOG_COMPILER_APPICON_NAME = AppIcon;
				INFOPLIST_FILE = DesafioTableView/Info.plist;
				LD_RUNPATH_SEARCH_PATHS = "$(inherited) @executable_path/Frameworks";
				PRODUCT_NAME = "$(TARGET_NAME)";
			};
			name = Debug;
		};
		9EFB1C5E1A9E1E9400599B97 /* Release */ = {
			isa = XCBuildConfiguration;
			buildSettings = {
				ASSETCATALOG_COMPILER_APPICON_NAME = AppIcon;
				INFOPLIST_FILE = DesafioTableView/Info.plist;
				LD_RUNPATH_SEARCH_PATHS = "$(inherited) @executable_path/Frameworks";
				PRODUCT_NAME = "$(TARGET_NAME)";
			};
			name = Release;
		};
		9EFB1C601A9E1E9400599B97 /* Debug */ = {
			isa = XCBuildConfiguration;
			buildSettings = {
				BUNDLE_LOADER = "$(TEST_HOST)";
				FRAMEWORK_SEARCH_PATHS = (
					"$(SDKROOT)/Developer/Library/Frameworks",
					"$(inherited)",
				);
				GCC_PREPROCESSOR_DEFINITIONS = (
					"DEBUG=1",
					"$(inherited)",
				);
				INFOPLIST_FILE = DesafioTableViewTests/Info.plist;
				LD_RUNPATH_SEARCH_PATHS = "$(inherited) @executable_path/Frameworks @loader_path/Frameworks";
				PRODUCT_NAME = "$(TARGET_NAME)";
				TEST_HOST = "$(BUILT_PRODUCTS_DIR)/DesafioTableView.app/DesafioTableView";
			};
			name = Debug;
		};
		9EFB1C611A9E1E9400599B97 /* Release */ = {
			isa = XCBuildConfiguration;
			buildSettings = {
				BUNDLE_LOADER = "$(TEST_HOST)";
				FRAMEWORK_SEARCH_PATHS = (
					"$(SDKROOT)/Developer/Library/Frameworks",
					"$(inherited)",
				);
				INFOPLIST_FILE = DesafioTableViewTests/Info.plist;
				LD_RUNPATH_SEARCH_PATHS = "$(inherited) @executable_path/Frameworks @loader_path/Frameworks";
				PRODUCT_NAME = "$(TARGET_NAME)";
				TEST_HOST = "$(BUILT_PRODUCTS_DIR)/DesafioTableView.app/DesafioTableView";
			};
			name = Release;
		};
/* End XCBuildConfiguration section */

/* Begin XCConfigurationList section */
		9EFB1C341A9E1E9300599B97 /* Build configuration list for PBXProject "DesafioTableView" */ = {
			isa = XCConfigurationList;
			buildConfigurations = (
				9EFB1C5A1A9E1E9400599B97 /* Debug */,
				9EFB1C5B1A9E1E9400599B97 /* Release */,
			);
			defaultConfigurationIsVisible = 0;
			defaultConfigurationName = Release;
		};
		9EFB1C5C1A9E1E9400599B97 /* Build configuration list for PBXNativeTarget "DesafioTableView" */ = {
			isa = XCConfigurationList;
			buildConfigurations = (
				9EFB1C5D1A9E1E9400599B97 /* Debug */,
				9EFB1C5E1A9E1E9400599B97 /* Release */,
			);
			defaultConfigurationIsVisible = 0;
		};
		9EFB1C5F1A9E1E9400599B97 /* Build configuration list for PBXNativeTarget "DesafioTableViewTests" */ = {
			isa = XCConfigurationList;
			buildConfigurations = (
				9EFB1C601A9E1E9400599B97 /* Debug */,
				9EFB1C611A9E1E9400599B97 /* Release */,
			);
			defaultConfigurationIsVisible = 0;
		};
/* End XCConfigurationList section */
	};
	rootObject = 9EFB1C311A9E1E9300599B97 /* Project object */;
}
